# Generated by pub
# See https://www.dartlang.org/tools/pub/glossary#lockfile
packages:
  angel_client:
    dependency: "direct main"
    description:
      name: angel_client
      url: "https://pub.dartlang.org"
    source: hosted
    version: "1.2.0+1"
  angel_http_exception:
    dependency: transitive
    description:
      name: angel_http_exception
      url: "https://pub.dartlang.org"
    source: hosted
    version: "1.0.0+3"
  async:
    dependency: transitive
    description:
      name: async
      url: "https://pub.dartlang.org"
    source: hosted
    version: "2.0.7"
  charcode:
    dependency: transitive
    description:
      name: charcode
      url: "https://pub.dartlang.org"
    source: hosted
    version: "1.1.2"
  collection:
    dependency: transitive
    description:
      name: collection
      url: "https://pub.dartlang.org"
    source: hosted
    version: "1.14.10"
  dart2_constant:
    dependency: transitive
    description:
      name: dart2_constant
      url: "https://pub.dartlang.org"
    source: hosted
    version: "1.0.1+dart2"
  http:
    dependency: transitive
    description:
      name: http
      url: "https://pub.dartlang.org"
    source: hosted
    version: "0.11.3+17"
  http_parser:
    dependency: transitive
    description:
      name: http_parser
      url: "https://pub.dartlang.org"
    source: hosted
    version: "3.1.2"
  json_god:
    dependency: transitive
    description:
      name: json_god
      url: "https://pub.dartlang.org"
    source: hosted
    version: "2.0.0-beta+3"
  logging:
    dependency: transitive
    description:
      name: logging
      url: "https://pub.dartlang.org"
    source: hosted
    version: "0.11.3+1"
  merge_map:
    dependency: transitive
    description:
      name: merge_map
      url: "https://pub.dartlang.org"
    source: hosted
    version: "1.0.0"
  my_api:
    dependency: "direct main"
    description:
      path: "../my_api"
      relative: true
    source: path
    version: "0.0.0"
  path:
    dependency: transitive
    description:
      name: path
      url: "https://pub.dartlang.org"
    source: hosted
    version: "1.6.1"
  source_span:
    dependency: transitive
    description:
      name: source_span
      url: "https://pub.dartlang.org"
    source: hosted
    version: "1.4.0"
  string_scanner:
    dependency: transitive
    description:
      name: string_scanner
      url: "https://pub.dartlang.org"
    source: hosted
    version: "1.0.2"
  typed_data:
    dependency: transitive
    description:
      name: typed_data
      url: "https://pub.dartlang.org"
    source: hosted
    version: "1.1.5"
sdks:
  dart: ">=2.0.0-dev.62.0 <=2.0.0-dev.68.0"
