# Generated by pub
# See https://www.dartlang.org/tools/pub/glossary#lockfile
packages:
  angel_http_exception:
    dependency: "direct main"
    description:
      name: angel_http_exception
      url: "https://pub.dartlang.org"
    source: hosted
    version: "1.0.0+3"
  console:
    dependency: "direct main"
    description:
      name: console
      url: "https://pub.dartlang.org"
    source: hosted
    version: "3.0.0"
  dart2_constant:
    dependency: transitive
    description:
      name: dart2_constant
      url: "https://pub.dartlang.org"
    source: hosted
    version: "1.0.1+dart2"
  logging:
    dependency: "direct main"
    description:
      name: logging
      url: "https://pub.dartlang.org"
    source: hosted
    version: "0.11.3+1"
  vector_math:
    dependency: transitive
    description:
      name: vector_math
      url: "https://pub.dartlang.org"
    source: hosted
    version: "2.0.7"
sdks:
  dart: ">=2.0.0-dev.61 <=2.0.0-dev.68.0"
